
Microsoft Visual Studio Solution File, Format Version 12.00
# Visual Studio Version 16
VisualStudioVersion = 16.0.30413.136
MinimumVisualStudioVersion = 10.0.40219.1
Project("{FAE04EC0-301F-11D3-BF4B-00C04F79EFBC}") = "NotKayitSistemi", "NotKayitSistemi.csproj", "{FBE2D92C-BBEB-48D2-B7E6-1D8D6D229083}"
EndProject
Global
	GlobalSection(SolutionConfigurationPlatforms) = preSolution
		Debug|Any CPU = Debug|Any CPU
		Release|Any CPU = Release|Any CPU
	EndGlobalSection
	GlobalSection(ProjectConfigurationPlatforms) = postSolution
		{FBE2D92C-BBEB-48D2-B7E6-1D8D6D229083}.Debug|Any CPU.ActiveCfg = Debug|Any CPU
		{FBE2D92C-BBEB-48D2-B7E6-1D8D6D229083}.Debug|Any CPU.Build.0 = Debug|Any CPU
		{FBE2D92C-BBEB-48D2-B7E6-1D8D6D229083}.Release|Any CPU.ActiveCfg = Release|Any CPU
		{FBE2D92C-BBEB-48D2-B7E6-1D8D6D229083}.Release|Any CPU.Build.0 = Release|Any CPU
	EndGlobalSection
	GlobalSection(SolutionProperties) = preSolution
		HideSolutionNode = FALSE
	EndGlobalSection
	GlobalSection(ExtensibilityGlobals) = postSolution
		SolutionGuid = {A4CD13C5-A8D4-4929-9735-F879756FDD2A}
	EndGlobalSection
EndGlobal
